// !$*UTF8*$!
{
	archiveVersion = 1;
	classes = {
	};
	objectVersion = 56;
	objects = {

/* Begin PBXBuildFile section */
		AD41905D2AF2634B00400F7D /* API_DownloadingApp.swift in Sources */ = {isa = PBXBuildFile; fileRef = AD41905C2AF2634B00400F7D /* API_DownloadingApp.swift */; };
		AD41905F2AF2634B00400F7D /* ContentView.swift in Sources */ = {isa = PBXBuildFile; fileRef = AD41905E2AF2634B00400F7D /* ContentView.swift */; };
		AD4190612AF2634E00400F7D /* Assets.xcassets in Resources */ = {isa = PBXBuildFile; fileRef = AD4190602AF2634E00400F7D /* Assets.xcassets */; };
		AD4190642AF2634E00400F7D /* Preview Assets.xcassets in Resources */ = {isa = PBXBuildFile; fileRef = AD4190632AF2634E00400F7D /* Preview Assets.xcassets */; };
		AD4190722AF2650700400F7D /* downloadingImages.swift in Sources */ = {isa = PBXBuildFile; fileRef = AD4190712AF2650700400F7D /* downloadingImages.swift */; };
		AD4190742AF2654200400F7D /* downloadingImagesRow.swift in Sources */ = {isa = PBXBuildFile; fileRef = AD4190732AF2654200400F7D /* downloadingImagesRow.swift */; };
		AD4190762AF2654B00400F7D /* downloadingImagesView.swift in Sources */ = {isa = PBXBuildFile; fileRef = AD4190752AF2654B00400F7D /* downloadingImagesView.swift */; };
		AD4190782AF2659500400F7D /* PhotoModel.swift in Sources */ = {isa = PBXBuildFile; fileRef = AD4190772AF2659500400F7D /* PhotoModel.swift */; };
		AD41907A2AF265D900400F7D /* ImageLoadingVM.swift in Sources */ = {isa = PBXBuildFile; fileRef = AD4190792AF265D900400F7D /* ImageLoadingVM.swift */; };
		AD41907C2AF265FE00400F7D /* DownloadingImagesVM.swift in Sources */ = {isa = PBXBuildFile; fileRef = AD41907B2AF265FE00400F7D /* DownloadingImagesVM.swift */; };
		AD41907E2AF2661C00400F7D /* PhotoModelDataService.swift in Sources */ = {isa = PBXBuildFile; fileRef = AD41907D2AF2661C00400F7D /* PhotoModelDataService.swift */; };
		AD4190802AF2662700400F7D /* PhotoModelFileManager.swift in Sources */ = {isa = PBXBuildFile; fileRef = AD41907F2AF2662700400F7D /* PhotoModelFileManager.swift */; };
		AD4190822AF2663200400F7D /* PhotoModelCacheManager.swift in Sources */ = {isa = PBXBuildFile; fileRef = AD4190812AF2663200400F7D /* PhotoModelCacheManager.swift */; };
/* End PBXBuildFile section */

/* Begin PBXFileReference section */
		AD4190592AF2634B00400F7D /* API_Downloading.app */ = {isa = PBXFileReference; explicitFileType = wrapper.application; includeInIndex = 0; path = API_Downloading.app; sourceTree = BUILT_PRODUCTS_DIR; };
		AD41905C2AF2634B00400F7D /* API_DownloadingApp.swift */ = {isa = PBXFileReference; lastKnownFileType = sourcecode.swift; path = API_DownloadingApp.swift; sourceTree = "<group>"; };
		AD41905E2AF2634B00400F7D /* ContentView.swift */ = {isa = PBXFileReference; lastKnownFileType = sourcecode.swift; path = ContentView.swift; sourceTree = "<group>"; };
		AD4190602AF2634E00400F7D /* Assets.xcassets */ = {isa = PBXFileReference; lastKnownFileType = folder.assetcatalog; path = Assets.xcassets; sourceTree = "<group>"; };
		AD4190632AF2634E00400F7D /* Preview Assets.xcassets */ = {isa = PBXFileReference; lastKnownFileType = folder.assetcatalog; path = "Preview Assets.xcassets"; sourceTree = "<group>"; };
		AD4190712AF2650700400F7D /* downloadingImages.swift */ = {isa = PBXFileReference; lastKnownFileType = sourcecode.swift; path = downloadingImages.swift; sourceTree = "<group>"; };
		AD4190732AF2654200400F7D /* downloadingImagesRow.swift */ = {isa = PBXFileReference; lastKnownFileType = sourcecode.swift; path = downloadingImagesRow.swift; sourceTree = "<group>"; };
		AD4190752AF2654B00400F7D /* downloadingImagesView.swift */ = {isa = PBXFileReference; lastKnownFileType = sourcecode.swift; path = downloadingImagesView.swift; sourceTree = "<group>"; };
		AD4190772AF2659500400F7D /* PhotoModel.swift */ = {isa = PBXFileReference; lastKnownFileType = sourcecode.swift; path = PhotoModel.swift; sourceTree = "<group>"; };
		AD4190792AF265D900400F7D /* ImageLoadingVM.swift */ = {isa = PBXFileReference; lastKnownFileType = sourcecode.swift; path = ImageLoadingVM.swift; sourceTree = "<group>"; };
		AD41907B2AF265FE00400F7D /* DownloadingImagesVM.swift */ = {isa = PBXFileReference; lastKnownFileType = sourcecode.swift; path = DownloadingImagesVM.swift; sourceTree = "<group>"; };
		AD41907D2AF2661C00400F7D /* PhotoModelDataService.swift */ = {isa = PBXFileReference; lastKnownFileType = sourcecode.swift; path = PhotoModelDataService.swift; sourceTree = "<group>"; };
		AD41907F2AF2662700400F7D /* PhotoModelFileManager.swift */ = {isa = PBXFileReference; lastKnownFileType = sourcecode.swift; path = PhotoModelFileManager.swift; sourceTree = "<group>"; };
		AD4190812AF2663200400F7D /* PhotoModelCacheManager.swift */ = {isa = PBXFileReference; lastKnownFileType = sourcecode.swift; path = PhotoModelCacheManager.swift; sourceTree = "<group>"; };
/* End PBXFileReference section */

/* Begin PBXFrameworksBuildPhase section */
		AD4190562AF2634B00400F7D /* Frameworks */ = {
			isa = PBXFrameworksBuildPhase;
			buildActionMask = 2147483647;
			files = (
			);
			runOnlyForDeploymentPostprocessing = 0;
		};
/* End PBXFrameworksBuildPhase section */

/* Begin PBXGroup section */
		AD4190502AF2634B00400F7D = {
			isa = PBXGroup;
			children = (
				AD41905B2AF2634B00400F7D /* API_Downloading */,
				AD41905A2AF2634B00400F7D /* Products */,
			);
			sourceTree = "<group>";
		};
		AD41905A2AF2634B00400F7D /* Products */ = {
			isa = PBXGroup;
			children = (
				AD4190592AF2634B00400F7D /* API_Downloading.app */,
			);
			name = Products;
			sourceTree = "<group>";
		};
		AD41905B2AF2634B00400F7D /* API_Downloading */ = {
			isa = PBXGroup;
			children = (
				AD41905C2AF2634B00400F7D /* API_DownloadingApp.swift */,
				AD41905E2AF2634B00400F7D /* ContentView.swift */,
				AD41906E2AF264E000400F7D /* Views */,
				AD4190702AF264F100400F7D /* Models */,
				AD41906D2AF264D200400F7D /* ViewModels */,
				AD41906C2AF264C300400F7D /* Utilities */,
				AD4190602AF2634E00400F7D /* Assets.xcassets */,
				AD4190622AF2634E00400F7D /* Preview Content */,
			);
			path = API_Downloading;
			sourceTree = "<group>";
		};
		AD4190622AF2634E00400F7D /* Preview Content */ = {
			isa = PBXGroup;
			children = (
				AD4190632AF2634E00400F7D /* Preview Assets.xcassets */,
			);
			path = "Preview Content";
			sourceTree = "<group>";
		};
		AD41906C2AF264C300400F7D /* Utilities */ = {
			isa = PBXGroup;
			children = (
				AD41907D2AF2661C00400F7D /* PhotoModelDataService.swift */,
				AD41907F2AF2662700400F7D /* PhotoModelFileManager.swift */,
				AD4190812AF2663200400F7D /* PhotoModelCacheManager.swift */,
			);
			path = Utilities;
			sourceTree = "<group>";
		};
		AD41906D2AF264D200400F7D /* ViewModels */ = {
			isa = PBXGroup;
			children = (
				AD4190792AF265D900400F7D /* ImageLoadingVM.swift */,
				AD41907B2AF265FE00400F7D /* DownloadingImagesVM.swift */,
			);
			path = ViewModels;
			sourceTree = "<group>";
		};
		AD41906E2AF264E000400F7D /* Views */ = {
			isa = PBXGroup;
			children = (
				AD4190712AF2650700400F7D /* downloadingImages.swift */,
				AD4190732AF2654200400F7D /* downloadingImagesRow.swift */,
				AD4190752AF2654B00400F7D /* downloadingImagesView.swift */,
			);
			path = Views;
			sourceTree = "<group>";
		};
		AD4190702AF264F100400F7D /* Models */ = {
			isa = PBXGroup;
			children = (
				AD4190772AF2659500400F7D /* PhotoModel.swift */,
			);
			path = Models;
			sourceTree = "<group>";
		};
/* End PBXGroup section */

/* Begin PBXNativeTarget section */
		AD4190582AF2634B00400F7D /* API_Downloading */ = {
			isa = PBXNativeTarget;
			buildConfigurationList = AD4190672AF2634E00400F7D /* Build configuration list for PBXNativeTarget "API_Downloading" */;
			buildPhases = (
				AD4190552AF2634B00400F7D /* Sources */,
				AD4190562AF2634B00400F7D /* Frameworks */,
				AD4190572AF2634B00400F7D /* Resources */,
			);
			buildRules = (
			);
			dependencies = (
			);
			name = API_Downloading;
			productName = API_Downloading;
			productReference = AD4190592AF2634B00400F7D /* API_Downloading.app */;
			productType = "com.apple.product-type.application";
		};
/* End PBXNativeTarget section */

/* Begin PBXProject section */
		AD4190512AF2634B00400F7D /* Project object */ = {
			isa = PBXProject;
			attributes = {
				BuildIndependentTargetsInParallel = 1;
				LastSwiftUpdateCheck = 1500;
				LastUpgradeCheck = 1500;
				TargetAttributes = {
					AD4190582AF2634B00400F7D = {
						CreatedOnToolsVersion = 15.0.1;
					};
				};
			};
			buildConfigurationList = AD4190542AF2634B00400F7D /* Build configuration list for PBXProject "API_Downloading" */;
			compatibilityVersion = "Xcode 14.0";
			developmentRegion = en;
			hasScannedForEncodings = 0;
			knownRegions = (
				en,
				Base,
			);
			mainGroup = AD4190502AF2634B00400F7D;
			productRefGroup = AD41905A2AF2634B00400F7D /* Products */;
			projectDirPath = "";
			projectRoot = "";
			targets = (
				AD4190582AF2634B00400F7D /* API_Downloading */,
			);
		};
/* End PBXProject section */

/* Begin PBXResourcesBuildPhase section */
		AD4190572AF2634B00400F7D /* Resources */ = {
			isa = PBXResourcesBuildPhase;
			buildActionMask = 2147483647;
			files = (
				AD4190642AF2634E00400F7D /* Preview Assets.xcassets in Resources */,
				AD4190612AF2634E00400F7D /* Assets.xcassets in Resources */,
			);
			runOnlyForDeploymentPostprocessing = 0;
		};
/* End PBXResourcesBuildPhase section */

/* Begin PBXSourcesBuildPhase section */
		AD4190552AF2634B00400F7D /* Sources */ = {
			isa = PBXSourcesBuildPhase;
			buildActionMask = 2147483647;
			files = (
				AD4190782AF2659500400F7D /* PhotoModel.swift in Sources */,
				AD4190822AF2663200400F7D /* PhotoModelCacheManager.swift in Sources */,
				AD41907A2AF265D900400F7D /* ImageLoadingVM.swift in Sources */,
				AD4190722AF2650700400F7D /* downloadingImages.swift in Sources */,
				AD41907C2AF265FE00400F7D /* DownloadingImagesVM.swift in Sources */,
				AD4190802AF2662700400F7D /* PhotoModelFileManager.swift in Sources */,
				AD4190742AF2654200400F7D /* downloadingImagesRow.swift in Sources */,
				AD41907E2AF2661C00400F7D /* PhotoModelDataService.swift in Sources */,
				AD41905F2AF2634B00400F7D /* ContentView.swift in Sources */,
				AD41905D2AF2634B00400F7D /* API_DownloadingApp.swift in Sources */,
				AD4190762AF2654B00400F7D /* downloadingImagesView.swift in Sources */,
			);
			runOnlyForDeploymentPostprocessing = 0;
		};
/* End PBXSourcesBuildPhase section */

/* Begin XCBuildConfiguration section */
		AD4190652AF2634E00400F7D /* Debug */ = {
			isa = XCBuildConfiguration;
			buildSettings = {
				ALWAYS_SEARCH_USER_PATHS = NO;
				ASSETCATALOG_COMPILER_GENERATE_SWIFT_ASSET_SYMBOL_EXTENSIONS = YES;
				CLANG_ANALYZER_NONNULL = YES;
				CLANG_ANALYZER_NUMBER_OBJECT_CONVERSION = YES_AGGRESSIVE;
				CLANG_CXX_LANGUAGE_STANDARD = "gnu++20";
				CLANG_ENABLE_MODULES = YES;
				CLANG_ENABLE_OBJC_ARC = YES;
				CLANG_ENABLE_OBJC_WEAK = YES;
				CLANG_WARN_BLOCK_CAPTURE_AUTORELEASING = YES;
				CLANG_WARN_BOOL_CONVERSION = YES;
				CLANG_WARN_COMMA = YES;
				CLANG_WARN_CONSTANT_CONVERSION = YES;
				CLANG_WARN_DEPRECATED_OBJC_IMPLEMENTATIONS = YES;
				CLANG_WARN_DIRECT_OBJC_ISA_USAGE = YES_ERROR;
				CLANG_WARN_DOCUMENTATION_COMMENTS = YES;
				CLANG_WARN_EMPTY_BODY = YES;
				CLANG_WARN_ENUM_CONVERSION = YES;
				CLANG_WARN_INFINITE_RECURSION = YES;
				CLANG_WARN_INT_CONVERSION = YES;
				CLANG_WARN_NON_LITERAL_NULL_CONVERSION = YES;
				CLANG_WARN_OBJC_IMPLICIT_RETAIN_SELF = YES;
				CLANG_WARN_OBJC_LITERAL_CONVERSION = YES;
				CLANG_WARN_OBJC_ROOT_CLASS = YES_ERROR;
				CLANG_WARN_QUOTED_INCLUDE_IN_FRAMEWORK_HEADER = YES;
				CLANG_WARN_RANGE_LOOP_ANALYSIS = YES;
				CLANG_WARN_STRICT_PROTOTYPES = YES;
				CLANG_WARN_SUSPICIOUS_MOVE = YES;
				CLANG_WARN_UNGUARDED_AVAILABILITY = YES_AGGRESSIVE;
				CLANG_WARN_UNREACHABLE_CODE = YES;
				CLANG_WARN__DUPLICATE_METHOD_MATCH = YES;
				COPY_PHASE_STRIP = NO;
				DEBUG_INFORMATION_FORMAT = dwarf;
				ENABLE_STRICT_OBJC_MSGSEND = YES;
				ENABLE_TESTABILITY = YES;
				ENABLE_USER_SCRIPT_SANDBOXING = YES;
				GCC_C_LANGUAGE_STANDARD = gnu17;
				GCC_DYNAMIC_NO_PIC = NO;
				GCC_NO_COMMON_BLOCKS = YES;
				GCC_OPTIMIZATION_LEVEL = 0;
				GCC_PREPROCESSOR_DEFINITIONS = (
					"DEBUG=1",
					"$(inherited)",
				);
				GCC_WARN_64_TO_32_BIT_CONVERSION = YES;
				GCC_WARN_ABOUT_RETURN_TYPE = YES_ERROR;
				GCC_WARN_UNDECLARED_SELECTOR = YES;
				GCC_WARN_UNINITIALIZED_AUTOS = YES_AGGRESSIVE;
				GCC_WARN_UNUSED_FUNCTION = YES;
				GCC_WARN_UNUSED_VARIABLE = YES;
				IPHONEOS_DEPLOYMENT_TARGET = 17.0;
				LOCALIZATION_PREFERS_STRING_CATALOGS = YES;
				MTL_ENABLE_DEBUG_INFO = INCLUDE_SOURCE;
				MTL_FAST_MATH = YES;
				ONLY_ACTIVE_ARCH = YES;
				SDKROOT = iphoneos;
				SWIFT_ACTIVE_COMPILATION_CONDITIONS = "DEBUG $(inherited)";
				SWIFT_OPTIMIZATION_LEVEL = "-Onone";
			};
			name = Debug;
		};
		AD4190662AF2634E00400F7D /* Release */ = {
			isa = XCBuildConfiguration;
			buildSettings = {
				ALWAYS_SEARCH_USER_PATHS = NO;
				ASSETCATALOG_COMPILER_GENERATE_SWIFT_ASSET_SYMBOL_EXTENSIONS = YES;
				CLANG_ANALYZER_NONNULL = YES;
				CLANG_ANALYZER_NUMBER_OBJECT_CONVERSION = YES_AGGRESSIVE;
				CLANG_CXX_LANGUAGE_STANDARD = "gnu++20";
				CLANG_ENABLE_MODULES = YES;
				CLANG_ENABLE_OBJC_ARC = YES;
				CLANG_ENABLE_OBJC_WEAK = YES;
				CLANG_WARN_BLOCK_CAPTURE_AUTORELEASING = YES;
				CLANG_WARN_BOOL_CONVERSION = YES;
				CLANG_WARN_COMMA = YES;
				CLANG_WARN_CONSTANT_CONVERSION = YES;
				CLANG_WARN_DEPRECATED_OBJC_IMPLEMENTATIONS = YES;
				CLANG_WARN_DIRECT_OBJC_ISA_USAGE = YES_ERROR;
				CLANG_WARN_DOCUMENTATION_COMMENTS = YES;
				CLANG_WARN_EMPTY_BODY = YES;
				CLANG_WARN_ENUM_CONVERSION = YES;
				CLANG_WARN_INFINITE_RECURSION = YES;
				CLANG_WARN_INT_CONVERSION = YES;
				CLANG_WARN_NON_LITERAL_NULL_CONVERSION = YES;
				CLANG_WARN_OBJC_IMPLICIT_RETAIN_SELF = YES;
				CLANG_WARN_OBJC_LITERAL_CONVERSION = YES;
				CLANG_WARN_OBJC_ROOT_CLASS = YES_ERROR;
				CLANG_WARN_QUOTED_INCLUDE_IN_FRAMEWORK_HEADER = YES;
				CLANG_WARN_RANGE_LOOP_ANALYSIS = YES;
				CLANG_WARN_STRICT_PROTOTYPES = YES;
				CLANG_WARN_SUSPICIOUS_MOVE = YES;
				CLANG_WARN_UNGUARDED_AVAILABILITY = YES_AGGRESSIVE;
				CLANG_WARN_UNREACHABLE_CODE = YES;
				CLANG_WARN__DUPLICATE_METHOD_MATCH = YES;
				COPY_PHASE_STRIP = NO;
				DEBUG_INFORMATION_FORMAT = "dwarf-with-dsym";
				ENABLE_NS_ASSERTIONS = NO;
				ENABLE_STRICT_OBJC_MSGSEND = YES;
				ENABLE_USER_SCRIPT_SANDBOXING = YES;
				GCC_C_LANGUAGE_STANDARD = gnu17;
				GCC_NO_COMMON_BLOCKS = YES;
				GCC_WARN_64_TO_32_BIT_CONVERSION = YES;
				GCC_WARN_ABOUT_RETURN_TYPE = YES_ERROR;
				GCC_WARN_UNDECLARED_SELECTOR = YES;
				GCC_WARN_UNINITIALIZED_AUTOS = YES_AGGRESSIVE;
				GCC_WARN_UNUSED_FUNCTION = YES;
				GCC_WARN_UNUSED_VARIABLE = YES;
				IPHONEOS_DEPLOYMENT_TARGET = 17.0;
				LOCALIZATION_PREFERS_STRING_CATALOGS = YES;
				MTL_ENABLE_DEBUG_INFO = NO;
				MTL_FAST_MATH = YES;
				SDKROOT = iphoneos;
				SWIFT_COMPILATION_MODE = wholemodule;
				VALIDATE_PRODUCT = YES;
			};
			name = Release;
		};
		AD4190682AF2634E00400F7D /* Debug */ = {
			isa = XCBuildConfiguration;
			buildSettings = {
				ASSETCATALOG_COMPILER_APPICON_NAME = AppIcon;
				ASSETCATALOG_COMPILER_GLOBAL_ACCENT_COLOR_NAME = AccentColor;
				CODE_SIGN_STYLE = Automatic;
				CURRENT_PROJECT_VERSION = 1;
				DEVELOPMENT_ASSET_PATHS = "\"API_Downloading/Preview Content\"";
				DEVELOPMENT_TEAM = M55L7NG694;
				ENABLE_PREVIEWS = YES;
				GENERATE_INFOPLIST_FILE = YES;
				INFOPLIST_KEY_UIApplicationSceneManifest_Generation = YES;
				INFOPLIST_KEY_UIApplicationSupportsIndirectInputEvents = YES;
				INFOPLIST_KEY_UILaunchScreen_Generation = YES;
				INFOPLIST_KEY_UISupportedInterfaceOrientations_iPad = "UIInterfaceOrientationPortrait UIInterfaceOrientationPortraitUpsideDown UIInterfaceOrientationLandscapeLeft UIInterfaceOrientationLandscapeRight";
				INFOPLIST_KEY_UISupportedInterfaceOrientations_iPhone = "UIInterfaceOrientationPortrait UIInterfaceOrientationLandscapeLeft UIInterfaceOrientationLandscapeRight";
				LD_RUNPATH_SEARCH_PATHS = (
					"$(inherited)",
					"@executable_path/Frameworks",
				);
				MARKETING_VERSION = 1.0;
				PRODUCT_BUNDLE_IDENTIFIER = "com.sachin.API-Downloading";
				PRODUCT_NAME = "$(TARGET_NAME)";
				SWIFT_EMIT_LOC_STRINGS = YES;
				SWIFT_VERSION = 5.0;
				TARGETED_DEVICE_FAMILY = "1,2";
			};
			name = Debug;
		};
		AD4190692AF2634E00400F7D /* Release */ = {
			isa = XCBuildConfiguration;
			buildSettings = {
				ASSETCATALOG_COMPILER_APPICON_NAME = AppIcon;
				ASSETCATALOG_COMPILER_GLOBAL_ACCENT_COLOR_NAME = AccentColor;
				CODE_SIGN_STYLE = Automatic;
				CURRENT_PROJECT_VERSION = 1;
				DEVELOPMENT_ASSET_PATHS = "\"API_Downloading/Preview Content\"";
				DEVELOPMENT_TEAM = M55L7NG694;
				ENABLE_PREVIEWS = YES;
				GENERATE_INFOPLIST_FILE = YES;
				INFOPLIST_KEY_UIApplicationSceneManifest_Generation = YES;
				INFOPLIST_KEY_UIApplicationSupportsIndirectInputEvents = YES;
				INFOPLIST_KEY_UILaunchScreen_Generation = YES;
				INFOPLIST_KEY_UISupportedInterfaceOrientations_iPad = "UIInterfaceOrientationPortrait UIInterfaceOrientationPortraitUpsideDown UIInterfaceOrientationLandscapeLeft UIInterfaceOrientationLandscapeRight";
				INFOPLIST_KEY_UISupportedInterfaceOrientations_iPhone = "UIInterfaceOrientationPortrait UIInterfaceOrientationLandscapeLeft UIInterfaceOrientationLandscapeRight";
				LD_RUNPATH_SEARCH_PATHS = (
					"$(inherited)",
					"@executable_path/Frameworks",
				);
				MARKETING_VERSION = 1.0;
				PRODUCT_BUNDLE_IDENTIFIER = "com.sachin.API-Downloading";
				PRODUCT_NAME = "$(TARGET_NAME)";
				SWIFT_EMIT_LOC_STRINGS = YES;
				SWIFT_VERSION = 5.0;
				TARGETED_DEVICE_FAMILY = "1,2";
			};
			name = Release;
		};
/* End XCBuildConfiguration section */

/* Begin XCConfigurationList section */
		AD4190542AF2634B00400F7D /* Build configuration list for PBXProject "API_Downloading" */ = {
			isa = XCConfigurationList;
			buildConfigurations = (
				AD4190652AF2634E00400F7D /* Debug */,
				AD4190662AF2634E00400F7D /* Release */,
			);
			defaultConfigurationIsVisible = 0;
			defaultConfigurationName = Release;
		};
		AD4190672AF2634E00400F7D /* Build configuration list for PBXNativeTarget "API_Downloading" */ = {
			isa = XCConfigurationList;
			buildConfigurations = (
				AD4190682AF2634E00400F7D /* Debug */,
				AD4190692AF2634E00400F7D /* Release */,
			);
			defaultConfigurationIsVisible = 0;
			defaultConfigurationName = Release;
		};
/* End XCConfigurationList section */
	};
	rootObject = AD4190512AF2634B00400F7D /* Project object */;
}
